
Microsoft Visual Studio Solution File, Format Version 12.00
# Visual Studio Version 17
VisualStudioVersion = 17.5.002.0
MinimumVisualStudioVersion = 10.0.40219.1
Project("{9A19103F-16F7-4668-BE54-9A1E7A4F7556}") = "CryptoCurrencies", "CryptoCurrencies.csproj", "{BAE0E121-1765-4AD5-8601-763DEF39A881}"
EndProject
Global
	GlobalSection(SolutionConfigurationPlatforms) = preSolution
		Debug|Any CPU = Debug|Any CPU
		Release|Any CPU = Release|Any CPU
	EndGlobalSection
	GlobalSection(ProjectConfigurationPlatforms) = postSolution
		{BAE0E121-1765-4AD5-8601-763DEF39A881}.Debug|Any CPU.ActiveCfg = Debug|Any CPU
		{BAE0E121-1765-4AD5-8601-763DEF39A881}.Debug|Any CPU.Build.0 = Debug|Any CPU
		{BAE0E121-1765-4AD5-8601-763DEF39A881}.Release|Any CPU.ActiveCfg = Release|Any CPU
		{BAE0E121-1765-4AD5-8601-763DEF39A881}.Release|Any CPU.Build.0 = Release|Any CPU
	EndGlobalSection
	GlobalSection(SolutionProperties) = preSolution
		HideSolutionNode = FALSE
	EndGlobalSection
	GlobalSection(ExtensibilityGlobals) = postSolution
		SolutionGuid = {7090E1FB-FBFF-4829-A227-DAB614FC030F}
	EndGlobalSection
EndGlobal
